# generated by rye
# use `rye lock` or `rye sync` to update this lockfile
#
# last locked with the following flags:
#   pre: false
#   features: []
#   all-features: false
#   with-sources: false

annotated-types==0.6.0
    # via pydantic
asgiref==3.8.1
    # via django
    # via django-cors-headers
autocommand==2.2.2
    # via jaraco-text
dj-database-url==2.1.0
    # via environs
dj-email-url==1.0.6
    # via environs
django==4.2.11
    # via dj-database-url
    # via django-cors-headers
    # via django-extensions
    # via django-stubs
    # via django-stubs-ext
    # via djangorestframework
django-admin-honeypot @ git+https://github.com/dmpayton/django-admin-honeypot.git@a840496d183df89965eeb33c9a5dd9ea3919dfff
django-cache-url==3.4.5
    # via environs
django-cors-headers==4.3.1
django-extensions==3.2.3
django-ipware==6.0.4
    # via django-admin-honeypot
django-stubs==4.2.7
django-stubs-ext==4.2.7
    # via django-stubs
djangorestframework==3.15.1
environs==11.0.0
gevent==24.2.1
greenlet==3.0.3
    # via gevent
gunicorn==21.2.0
inflect==7.0.0
    # via jaraco-text
irc==20.3.1
jaraco-collections==5.0.0
    # via irc
jaraco-context==4.3.0
    # via jaraco-text
jaraco-functools==4.0.0
    # via irc
    # via jaraco-text
    # via tempora
jaraco-logging==3.3.0
    # via irc
jaraco-stream==3.0.3
    # via irc
jaraco-text==3.12.0
    # via irc
    # via jaraco-collections
marshmallow==3.21.1
    # via environs
more-itertools==10.2.0
    # via irc
    # via jaraco-functools
    # via jaraco-text
packaging==24.0
    # via gunicorn
    # via marshmallow
psycopg2-binary==2.9.9
pydantic==2.6.4
    # via inflect
pydantic-core==2.16.3
    # via pydantic
python-dotenv==1.0.1
    # via environs
python-ipware==2.0.2
    # via django-ipware
pytz==2024.1
    # via irc
    # via tempora
setuptools==69.2.0
    # via zope-event
    # via zope-interface
sqlparse==0.4.4
    # via django
tempora==5.5.1
    # via irc
    # via jaraco-logging
tomli==2.0.1
    # via django-stubs
types-pytz==2024.1.0.20240203
    # via django-stubs
types-pyyaml==6.0.12.20240311
    # via django-stubs
typing-extensions==4.10.0
    # via asgiref
    # via dj-database-url
    # via django-stubs
    # via django-stubs-ext
    # via inflect
    # via pydantic
    # via pydantic-core
whitenoise==6.6.0
zope-event==5.0
    # via gevent
zope-interface==6.2
    # via gevent
